# This file is @generated by PDM.
# It is not intended for manual editing.

[metadata]
groups = ["default"]
cross_platform = true
static_urls = false
lock_version = "4.3"
content_hash = "sha256:8338157d5cfefd0250ec2e0160291955cb88888acd9b435a12cc624da1513816"

[[package]]
name = "aiofile"
version = "3.8.8"
requires_python = ">=3.7, <4"
summary = "Asynchronous file operations."
dependencies = [
    "caio~=0.9.0",
]
files = [
    {file = "aiofile-3.8.8-py3-none-any.whl", hash = "sha256:41e8845cce055779cd77713d949a339deb012eab605b857765e8f8e52a5ed811"},
    {file = "aiofile-3.8.8.tar.gz", hash = "sha256:41f3dc40bd730459d58610476e82e5efb2f84ae6e9fa088a9545385d838b8a43"},
]

[[package]]
name = "caio"
version = "0.9.13"
requires_python = ">=3.7, <4"
summary = "Asynchronous file IO for Linux MacOS or Windows."
files = [
    {file = "caio-0.9.13-cp311-cp311-macosx_10_9_universal2.whl", hash = "sha256:789f8b55f4a2b46be14361df3ac8d14b6c8f0a3730badd70cb1b7778fcdc7039"},
    {file = "caio-0.9.13-cp311-cp311-manylinux_2_12_x86_64.manylinux2010_x86_64.manylinux_2_17_x86_64.manylinux2014_x86_64.whl", hash = "sha256:a914684bad2a757cf013ae88d785d81659a3add1885bad60cd20bfbd3068bd5a"},
    {file = "caio-0.9.13-py3-none-any.whl", hash = "sha256:582cbfc6e203d1dedf662ba972a94db6e744fe0b6bb9e02922b0f86803006fc9"},
    {file = "caio-0.9.13.tar.gz", hash = "sha256:26f1e08a442bef4526a66142ea4e325e22dca8f040800aecb3caf8fae0589e98"},
]

[[package]]
name = "pyside6"
version = "6.5.3"
requires_python = "<3.12,>=3.7"
summary = "Python bindings for the Qt cross-platform application and UI framework"
dependencies = [
    "PySide6-Addons==6.5.3",
    "PySide6-Essentials==6.5.3",
    "shiboken6==6.5.3",
]
files = [
    {file = "PySide6-6.5.3-cp37-abi3-macosx_11_0_universal2.whl", hash = "sha256:be53e7c64710fc4307afd33147e241a06cd97b18fae887ee611d8d4b373dbb04"},
    {file = "PySide6-6.5.3-cp37-abi3-manylinux_2_28_x86_64.whl", hash = "sha256:84f3d3e278e5ea00f1558ac7e1eeb382bba1df7732bdb025ee654e7b4b3cd451"},
    {file = "PySide6-6.5.3-cp37-abi3-manylinux_2_31_aarch64.whl", hash = "sha256:48f4579ca49225cfff8f512178551bdf6aa9031198527f71799bcc061a0f2327"},
    {file = "PySide6-6.5.3-cp37-abi3-win_amd64.whl", hash = "sha256:aaaf5acfaaf9575740df03ee1aa706e2f38d8fcca2255acbbd3a5701f6f2f416"},
]

[[package]]
name = "pyside6-addons"
version = "6.5.3"
requires_python = "<3.12,>=3.7"
summary = "Python bindings for the Qt cross-platform application and UI framework (Addons)"
dependencies = [
    "PySide6-Essentials==6.5.3",
    "shiboken6==6.5.3",
]
files = [
    {file = "PySide6_Addons-6.5.3-cp37-abi3-macosx_11_0_universal2.whl", hash = "sha256:047162b158ee929d43c21cdc3ac48e75fec612f2e5492b317190fac98d2de5c6"},
    {file = "PySide6_Addons-6.5.3-cp37-abi3-manylinux_2_28_x86_64.whl", hash = "sha256:e5bc1fa95351182dc2c003e07320d5509218ccc0840d10197d7d452aa5de5d2e"},
    {file = "PySide6_Addons-6.5.3-cp37-abi3-manylinux_2_31_aarch64.whl", hash = "sha256:be0dcfb15d44c2973c3c122058f1df8c3c9d93abd4170534e06dbf986aa30e26"},
    {file = "PySide6_Addons-6.5.3-cp37-abi3-win_amd64.whl", hash = "sha256:dd1d294d48798bd297bde02d3ea02f313a86e38ed3944519228466bdfb537961"},
]

[[package]]
name = "pyside6-essentials"
version = "6.5.3"
requires_python = "<3.12,>=3.7"
summary = "Python bindings for the Qt cross-platform application and UI framework (Essentials)"
dependencies = [
    "shiboken6==6.5.3",
]
files = [
    {file = "PySide6_Essentials-6.5.3-cp37-abi3-macosx_11_0_universal2.whl", hash = "sha256:4d9c95ded938e557052fc67efe68d57108856df141a1b499497fd7999419e3eb"},
    {file = "PySide6_Essentials-6.5.3-cp37-abi3-manylinux_2_28_x86_64.whl", hash = "sha256:45580138be91f5fdcefb4d28dadb56d3640eb658575af97b49057e10c22a024d"},
    {file = "PySide6_Essentials-6.5.3-cp37-abi3-manylinux_2_31_aarch64.whl", hash = "sha256:8244bc185b0243ba7c4491033e592b247e44a63d69213e9a45ee38e87e0f1f90"},
    {file = "PySide6_Essentials-6.5.3-cp37-abi3-win_amd64.whl", hash = "sha256:f928b98ec349c87f9ccc63a482917779f59fa646893722c53c2fe2a1e4f335e0"},
]

[[package]]
name = "shiboken6"
version = "6.5.3"
requires_python = "<3.12,>=3.7"
summary = "Python/C++ bindings helper module"
files = [
    {file = "shiboken6-6.5.3-cp37-abi3-macosx_11_0_universal2.whl", hash = "sha256:faaca92dcbbf26c0ae13f189746c38482e40859e0897b0ed4dee5e04f69fda71"},
    {file = "shiboken6-6.5.3-cp37-abi3-manylinux_2_28_x86_64.whl", hash = "sha256:4cdda98df511243c40f1dd4d9eac25a7191c2583ac673147ecdae0ffa3b9223f"},
    {file = "shiboken6-6.5.3-cp37-abi3-manylinux_2_31_aarch64.whl", hash = "sha256:1bc928ca9f1c1d16ff8fe0585627738a15552bb3329c04fca2c74a443618a6b3"},
    {file = "shiboken6-6.5.3-cp37-abi3-win_amd64.whl", hash = "sha256:a013367e38a12b3f69ba02e79f133df4fba8d21b55a78c6999cdb31c25609524"},
]
